
Microsoft Visual Studio Solution File, Format Version 12.00
# Visual Studio Version 17
VisualStudioVersion = 17.8.34511.84
MinimumVisualStudioVersion = 10.0.40219.1
Project("{8BC9CEB8-8B4A-11D0-8D11-00A0C91BC942}") = "BinarySearchAnalysisProject", "BinarySearchAnalysisProject.vcxproj", "{F3E32FF3-26D4-4CA9-B2B2-983EE88B5179}"
EndProject
Global
	GlobalSection(SolutionConfigurationPlatforms) = preSolution
		Debug|x64 = Debug|x64
		Debug|x86 = Debug|x86
		Release|x64 = Release|x64
		Release|x86 = Release|x86
	EndGlobalSection
	GlobalSection(ProjectConfigurationPlatforms) = postSolution
		{F3E32FF3-26D4-4CA9-B2B2-983EE88B5179}.Debug|x64.ActiveCfg = Debug|x64
		{F3E32FF3-26D4-4CA9-B2B2-983EE88B5179}.Debug|x64.Build.0 = Debug|x64
		{F3E32FF3-26D4-4CA9-B2B2-983EE88B5179}.Debug|x86.ActiveCfg = Debug|Win32
		{F3E32FF3-26D4-4CA9-B2B2-983EE88B5179}.Debug|x86.Build.0 = Debug|Win32
		{F3E32FF3-26D4-4CA9-B2B2-983EE88B5179}.Release|x64.ActiveCfg = Release|x64
		{F3E32FF3-26D4-4CA9-B2B2-983EE88B5179}.Release|x64.Build.0 = Release|x64
		{F3E32FF3-26D4-4CA9-B2B2-983EE88B5179}.Release|x86.ActiveCfg = Release|Win32
		{F3E32FF3-26D4-4CA9-B2B2-983EE88B5179}.Release|x86.Build.0 = Release|Win32
	EndGlobalSection
	GlobalSection(SolutionProperties) = preSolution
		HideSolutionNode = FALSE
	EndGlobalSection
	GlobalSection(ExtensibilityGlobals) = postSolution
		SolutionGuid = {41AFBD67-EBF4-461A-B66D-99EC6B1491A8}
	EndGlobalSection
EndGlobal
